
Microsoft Visual Studio Solution File, Format Version 12.00
# Visual Studio Version 16
VisualStudioVersion = 16.0.29123.88
MinimumVisualStudioVersion = 10.0.40219.1
Project("{FAE04EC0-301F-11D3-BF4B-00C04F79EFBC}") = "Fusion++.Tests", "Fusion++.Tests\Fusion++.Tests.csproj", "{967E8901-43DE-4AF1-86DF-BB18C8949C44}"
EndProject
Project("{9A19103F-16F7-4668-BE54-9A1E7A4F7556}") = "Fusion++.Engine", "Fusion++.Engine\Fusion++.Engine.csproj", "{3E6295AF-98D2-4266-9415-5B222B685D59}"
EndProject
Project("{9A19103F-16F7-4668-BE54-9A1E7A4F7556}") = "Fusion++", "Fusion++\Fusion++.csproj", "{5F60811E-53BB-4833-9534-1A6EA07A9655}"
EndProject
Global
	GlobalSection(SolutionConfigurationPlatforms) = preSolution
		Debug|Any CPU = Debug|Any CPU
		Release|Any CPU = Release|Any CPU
	EndGlobalSection
	GlobalSection(ProjectConfigurationPlatforms) = postSolution
		{967E8901-43DE-4AF1-86DF-BB18C8949C44}.Debug|Any CPU.ActiveCfg = Debug|Any CPU
		{967E8901-43DE-4AF1-86DF-BB18C8949C44}.Debug|Any CPU.Build.0 = Debug|Any CPU
		{967E8901-43DE-4AF1-86DF-BB18C8949C44}.Release|Any CPU.ActiveCfg = Release|Any CPU
		{967E8901-43DE-4AF1-86DF-BB18C8949C44}.Release|Any CPU.Build.0 = Release|Any CPU
		{3E6295AF-98D2-4266-9415-5B222B685D59}.Debug|Any CPU.ActiveCfg = Debug|Any CPU
		{3E6295AF-98D2-4266-9415-5B222B685D59}.Debug|Any CPU.Build.0 = Debug|Any CPU
		{3E6295AF-98D2-4266-9415-5B222B685D59}.Release|Any CPU.ActiveCfg = Release|Any CPU
		{3E6295AF-98D2-4266-9415-5B222B685D59}.Release|Any CPU.Build.0 = Release|Any CPU
		{5F60811E-53BB-4833-9534-1A6EA07A9655}.Debug|Any CPU.ActiveCfg = Debug|Any CPU
		{5F60811E-53BB-4833-9534-1A6EA07A9655}.Debug|Any CPU.Build.0 = Debug|Any CPU
		{5F60811E-53BB-4833-9534-1A6EA07A9655}.Release|Any CPU.ActiveCfg = Release|Any CPU
		{5F60811E-53BB-4833-9534-1A6EA07A9655}.Release|Any CPU.Build.0 = Release|Any CPU
	EndGlobalSection
	GlobalSection(SolutionProperties) = preSolution
		HideSolutionNode = FALSE
	EndGlobalSection
	GlobalSection(ExtensibilityGlobals) = postSolution
		SolutionGuid = {0C38E72C-B648-40BD-B833-B87C8AEA1CB0}
	EndGlobalSection
EndGlobal
